
Microsoft Visual Studio Solution File, Format Version 12.00
# Visual Studio Version 17
VisualStudioVersion = 17.0.31903.59
MinimumVisualStudioVersion = 10.0.40219.1
Project("{2150E333-8FDC-42A3-9474-1A3956D46DE8}") = "src", "src", "{A35A9E71-D4FA-4505-ABB4-1DE0C2102F33}"
EndProject
Project("{2150E333-8FDC-42A3-9474-1A3956D46DE8}") = "Web", "Web", "{1DD89B52-72E6-44EB-AF9D-D2A6EC3EEAD5}"
EndProject
Project("{FAE04EC0-301F-11D3-BF4B-00C04F79EFBC}") = "Artema.Platform.Api", "src\Web\Artema.Platform.Api\Artema.Platform.Api.csproj", "{54853C82-EC2F-47C0-85D2-C7777DA3ED6F}"
EndProject
Project("{2150E333-8FDC-42A3-9474-1A3956D46DE8}") = "Application", "Application", "{A1559715-399E-42CE-8684-37BB5C30AF89}"
EndProject
Project("{FAE04EC0-301F-11D3-BF4B-00C04F79EFBC}") = "Artema.Platform.Application", "src\Application\Artema.Platform.Application\Artema.Platform.Application.csproj", "{B07C9C5A-C1AE-40AF-BE1E-0C361F9BA1B2}"
EndProject
Project("{2150E333-8FDC-42A3-9474-1A3956D46DE8}") = "Infrastructure", "Infrastructure", "{3FFBD1F8-046D-4065-882E-8B149EE9B342}"
EndProject
Project("{FAE04EC0-301F-11D3-BF4B-00C04F79EFBC}") = "Artema.Platform.Infrastructure.Data", "src\Infrastructure\Artema.Platform.Infrastructure.Data\Artema.Platform.Infrastructure.Data.csproj", "{F1AB22A6-0D72-4FC1-865C-B28ABACBFE51}"
EndProject
Project("{2150E333-8FDC-42A3-9474-1A3956D46DE8}") = "test", "test", "{287339DB-5028-45CA-8506-2496B4B64ADF}"
EndProject
Project("{2150E333-8FDC-42A3-9474-1A3956D46DE8}") = "Domain", "Domain", "{F9BA15C0-1F7A-450B-AC25-EE461BBC765E}"
EndProject
Project("{FAE04EC0-301F-11D3-BF4B-00C04F79EFBC}") = "Artema.Platform.Domain", "src\Domain\Artema.Platform.Domain\Artema.Platform.Domain.csproj", "{628F2DDA-B573-4244-A50B-EAF64F5F62B7}"
EndProject
Project("{2150E333-8FDC-42A3-9474-1A3956D46DE8}") = "Unit", "Unit", "{2D10DE86-58DA-4BBC-81ED-D91A849812A6}"
EndProject
Project("{FAE04EC0-301F-11D3-BF4B-00C04F79EFBC}") = "Artema.Platform.Domain.Unit.Tests", "test\Unit\Artema.Platform.Domain.Unit.Tests\Artema.Platform.Domain.Unit.Tests.csproj", "{887104EE-DCB8-4C83-B75E-7B647174F4A4}"
EndProject
Project("{2150E333-8FDC-42A3-9474-1A3956D46DE8}") = "Integration", "Integration", "{9AD0B4D9-9A8B-4FE2-B65C-F5384EF7D129}"
EndProject
Project("{FAE04EC0-301F-11D3-BF4B-00C04F79EFBC}") = "Artema.Platform.Api.Integration.Tests", "test\Integration\Artema.Platform.Api.Integration.Tests\Artema.Platform.Api.Integration.Tests.csproj", "{7B86F740-6945-4E76-9CB7-D0A1B4F51B73}"
EndProject
Project("{FAE04EC0-301F-11D3-BF4B-00C04F79EFBC}") = "Artema.Platform.Infrastructure.Common", "src\Infrastructure\Artema.Platform.Infrastructure.Common\Artema.Platform.Infrastructure.Common.csproj", "{533F08D5-0BB3-4B44-B621-BE9734D0B518}"
EndProject
Project("{2150E333-8FDC-42A3-9474-1A3956D46DE8}") = "Tools", "Tools", "{FACE7F13-3BA9-4DA9-94A6-D17279738365}"
EndProject
Project("{FAE04EC0-301F-11D3-BF4B-00C04F79EFBC}") = "Artema.Platform.Seeding.Tool", "src\Tools\Artema.Platform.Seeding.Tool\Artema.Platform.Seeding.Tool.csproj", "{9A4CA6D0-D29E-407A-B264-CB8A3AEADF3C}"
EndProject
Global
	GlobalSection(SolutionConfigurationPlatforms) = preSolution
		Debug|Any CPU = Debug|Any CPU
		Release|Any CPU = Release|Any CPU
	EndGlobalSection
	GlobalSection(SolutionProperties) = preSolution
		HideSolutionNode = FALSE
	EndGlobalSection
	GlobalSection(ProjectConfigurationPlatforms) = postSolution
		{54853C82-EC2F-47C0-85D2-C7777DA3ED6F}.Debug|Any CPU.ActiveCfg = Debug|Any CPU
		{54853C82-EC2F-47C0-85D2-C7777DA3ED6F}.Debug|Any CPU.Build.0 = Debug|Any CPU
		{54853C82-EC2F-47C0-85D2-C7777DA3ED6F}.Release|Any CPU.ActiveCfg = Release|Any CPU
		{54853C82-EC2F-47C0-85D2-C7777DA3ED6F}.Release|Any CPU.Build.0 = Release|Any CPU
		{B07C9C5A-C1AE-40AF-BE1E-0C361F9BA1B2}.Debug|Any CPU.ActiveCfg = Debug|Any CPU
		{B07C9C5A-C1AE-40AF-BE1E-0C361F9BA1B2}.Debug|Any CPU.Build.0 = Debug|Any CPU
		{B07C9C5A-C1AE-40AF-BE1E-0C361F9BA1B2}.Release|Any CPU.ActiveCfg = Release|Any CPU
		{B07C9C5A-C1AE-40AF-BE1E-0C361F9BA1B2}.Release|Any CPU.Build.0 = Release|Any CPU
		{F1AB22A6-0D72-4FC1-865C-B28ABACBFE51}.Debug|Any CPU.ActiveCfg = Debug|Any CPU
		{F1AB22A6-0D72-4FC1-865C-B28ABACBFE51}.Debug|Any CPU.Build.0 = Debug|Any CPU
		{F1AB22A6-0D72-4FC1-865C-B28ABACBFE51}.Release|Any CPU.ActiveCfg = Release|Any CPU
		{F1AB22A6-0D72-4FC1-865C-B28ABACBFE51}.Release|Any CPU.Build.0 = Release|Any CPU
		{628F2DDA-B573-4244-A50B-EAF64F5F62B7}.Debug|Any CPU.ActiveCfg = Debug|Any CPU
		{628F2DDA-B573-4244-A50B-EAF64F5F62B7}.Debug|Any CPU.Build.0 = Debug|Any CPU
		{628F2DDA-B573-4244-A50B-EAF64F5F62B7}.Release|Any CPU.ActiveCfg = Release|Any CPU
		{628F2DDA-B573-4244-A50B-EAF64F5F62B7}.Release|Any CPU.Build.0 = Release|Any CPU
		{887104EE-DCB8-4C83-B75E-7B647174F4A4}.Debug|Any CPU.ActiveCfg = Debug|Any CPU
		{887104EE-DCB8-4C83-B75E-7B647174F4A4}.Debug|Any CPU.Build.0 = Debug|Any CPU
		{887104EE-DCB8-4C83-B75E-7B647174F4A4}.Release|Any CPU.ActiveCfg = Release|Any CPU
		{887104EE-DCB8-4C83-B75E-7B647174F4A4}.Release|Any CPU.Build.0 = Release|Any CPU
		{7B86F740-6945-4E76-9CB7-D0A1B4F51B73}.Debug|Any CPU.ActiveCfg = Debug|Any CPU
		{7B86F740-6945-4E76-9CB7-D0A1B4F51B73}.Debug|Any CPU.Build.0 = Debug|Any CPU
		{7B86F740-6945-4E76-9CB7-D0A1B4F51B73}.Release|Any CPU.ActiveCfg = Release|Any CPU
		{7B86F740-6945-4E76-9CB7-D0A1B4F51B73}.Release|Any CPU.Build.0 = Release|Any CPU
		{533F08D5-0BB3-4B44-B621-BE9734D0B518}.Debug|Any CPU.ActiveCfg = Debug|Any CPU
		{533F08D5-0BB3-4B44-B621-BE9734D0B518}.Debug|Any CPU.Build.0 = Debug|Any CPU
		{533F08D5-0BB3-4B44-B621-BE9734D0B518}.Release|Any CPU.ActiveCfg = Release|Any CPU
		{533F08D5-0BB3-4B44-B621-BE9734D0B518}.Release|Any CPU.Build.0 = Release|Any CPU
		{9A4CA6D0-D29E-407A-B264-CB8A3AEADF3C}.Debug|Any CPU.ActiveCfg = Debug|Any CPU
		{9A4CA6D0-D29E-407A-B264-CB8A3AEADF3C}.Debug|Any CPU.Build.0 = Debug|Any CPU
		{9A4CA6D0-D29E-407A-B264-CB8A3AEADF3C}.Release|Any CPU.ActiveCfg = Release|Any CPU
		{9A4CA6D0-D29E-407A-B264-CB8A3AEADF3C}.Release|Any CPU.Build.0 = Release|Any CPU
	EndGlobalSection
	GlobalSection(NestedProjects) = preSolution
		{1DD89B52-72E6-44EB-AF9D-D2A6EC3EEAD5} = {A35A9E71-D4FA-4505-ABB4-1DE0C2102F33}
		{54853C82-EC2F-47C0-85D2-C7777DA3ED6F} = {1DD89B52-72E6-44EB-AF9D-D2A6EC3EEAD5}
		{A1559715-399E-42CE-8684-37BB5C30AF89} = {A35A9E71-D4FA-4505-ABB4-1DE0C2102F33}
		{B07C9C5A-C1AE-40AF-BE1E-0C361F9BA1B2} = {A1559715-399E-42CE-8684-37BB5C30AF89}
		{3FFBD1F8-046D-4065-882E-8B149EE9B342} = {A35A9E71-D4FA-4505-ABB4-1DE0C2102F33}
		{F1AB22A6-0D72-4FC1-865C-B28ABACBFE51} = {3FFBD1F8-046D-4065-882E-8B149EE9B342}
		{F9BA15C0-1F7A-450B-AC25-EE461BBC765E} = {A35A9E71-D4FA-4505-ABB4-1DE0C2102F33}
		{628F2DDA-B573-4244-A50B-EAF64F5F62B7} = {F9BA15C0-1F7A-450B-AC25-EE461BBC765E}
		{2D10DE86-58DA-4BBC-81ED-D91A849812A6} = {287339DB-5028-45CA-8506-2496B4B64ADF}
		{887104EE-DCB8-4C83-B75E-7B647174F4A4} = {2D10DE86-58DA-4BBC-81ED-D91A849812A6}
		{9AD0B4D9-9A8B-4FE2-B65C-F5384EF7D129} = {287339DB-5028-45CA-8506-2496B4B64ADF}
		{7B86F740-6945-4E76-9CB7-D0A1B4F51B73} = {9AD0B4D9-9A8B-4FE2-B65C-F5384EF7D129}
		{533F08D5-0BB3-4B44-B621-BE9734D0B518} = {3FFBD1F8-046D-4065-882E-8B149EE9B342}
		{FACE7F13-3BA9-4DA9-94A6-D17279738365} = {A35A9E71-D4FA-4505-ABB4-1DE0C2102F33}
		{9A4CA6D0-D29E-407A-B264-CB8A3AEADF3C} = {FACE7F13-3BA9-4DA9-94A6-D17279738365}
	EndGlobalSection
EndGlobal
